// !$*UTF8*$!
{
	archiveVersion = 1;
	classes = {
	};
	objectVersion = 55;
	objects = {

/* Begin PBXBuildFile section */
		6077CFB928630EDB00082228 /* AppDelegate.swift in Sources */ = {isa = PBXBuildFile; fileRef = 6077CFB828630EDB00082228 /* AppDelegate.swift */; };
		6077CFBB28630EDB00082228 /* SceneDelegate.swift in Sources */ = {isa = PBXBuildFile; fileRef = 6077CFBA28630EDB00082228 /* SceneDelegate.swift */; };
		6077CFBD28630EDB00082228 /* MainViewController.swift in Sources */ = {isa = PBXBuildFile; fileRef = 6077CFBC28630EDB00082228 /* MainViewController.swift */; };
		6077CFC028630EDB00082228 /* Main.storyboard in Resources */ = {isa = PBXBuildFile; fileRef = 6077CFBE28630EDB00082228 /* Main.storyboard */; };
		6077CFC228630EE100082228 /* Assets.xcassets in Resources */ = {isa = PBXBuildFile; fileRef = 6077CFC128630EE100082228 /* Assets.xcassets */; };
		6077CFC528630EE100082228 /* LaunchScreen.storyboard in Resources */ = {isa = PBXBuildFile; fileRef = 6077CFC328630EE100082228 /* LaunchScreen.storyboard */; };
		6077CFD02863129600082228 /* MainModel.swift in Sources */ = {isa = PBXBuildFile; fileRef = 6077CFCF2863129600082228 /* MainModel.swift */; };
		6077CFD2286312A000082228 /* MainViewModel.swift in Sources */ = {isa = PBXBuildFile; fileRef = 6077CFD1286312A000082228 /* MainViewModel.swift */; };
		60EF88C128631C66007EFCDA /* NetworkManager.swift in Sources */ = {isa = PBXBuildFile; fileRef = 60EF88C028631C66007EFCDA /* NetworkManager.swift */; };
		60EF88C428631D68007EFCDA /* MainData.swift in Sources */ = {isa = PBXBuildFile; fileRef = 60EF88C328631D68007EFCDA /* MainData.swift */; };
		60EF88C628631D95007EFCDA /* MainProtocols.swift in Sources */ = {isa = PBXBuildFile; fileRef = 60EF88C528631D95007EFCDA /* MainProtocols.swift */; };
		60EF88C828631FDA007EFCDA /* MainAssembly.swift in Sources */ = {isa = PBXBuildFile; fileRef = 60EF88C728631FDA007EFCDA /* MainAssembly.swift */; };
		60EF88CA286329C2007EFCDA /* UIView+layout.swift in Sources */ = {isa = PBXBuildFile; fileRef = 60EF88C9286329C2007EFCDA /* UIView+layout.swift */; };
		60EF88CC28633671007EFCDA /* MainModelToView.swift in Sources */ = {isa = PBXBuildFile; fileRef = 60EF88CB28633671007EFCDA /* MainModelToView.swift */; };
		60EF88CE28633BCC007EFCDA /* ReuseIdentifier.swift in Sources */ = {isa = PBXBuildFile; fileRef = 60EF88CD28633BCC007EFCDA /* ReuseIdentifier.swift */; };
		60EF88D028633C93007EFCDA /* TestCell.swift in Sources */ = {isa = PBXBuildFile; fileRef = 60EF88CF28633C93007EFCDA /* TestCell.swift */; };
		60EF88D328634292007EFCDA /* ImageCell.swift in Sources */ = {isa = PBXBuildFile; fileRef = 60EF88D228634292007EFCDA /* ImageCell.swift */; };
		9DDB8D162049B64437D3EF17 /* Pods_PryanikyTest.framework in Frameworks */ = {isa = PBXBuildFile; fileRef = E637BD847A4AABD698FCD346 /* Pods_PryanikyTest.framework */; };
/* End PBXBuildFile section */

/* Begin PBXFileReference section */
		6077CFB528630EDB00082228 /* PryanikyTest.app */ = {isa = PBXFileReference; explicitFileType = wrapper.application; includeInIndex = 0; path = PryanikyTest.app; sourceTree = BUILT_PRODUCTS_DIR; };
		6077CFB828630EDB00082228 /* AppDelegate.swift */ = {isa = PBXFileReference; lastKnownFileType = sourcecode.swift; path = AppDelegate.swift; sourceTree = "<group>"; };
		6077CFBA28630EDB00082228 /* SceneDelegate.swift */ = {isa = PBXFileReference; lastKnownFileType = sourcecode.swift; path = SceneDelegate.swift; sourceTree = "<group>"; };
		6077CFBC28630EDB00082228 /* MainViewController.swift */ = {isa = PBXFileReference; lastKnownFileType = sourcecode.swift; path = MainViewController.swift; sourceTree = "<group>"; };
		6077CFBF28630EDB00082228 /* Base */ = {isa = PBXFileReference; lastKnownFileType = file.storyboard; name = Base; path = Base.lproj/Main.storyboard; sourceTree = "<group>"; };
		6077CFC128630EE100082228 /* Assets.xcassets */ = {isa = PBXFileReference; lastKnownFileType = folder.assetcatalog; path = Assets.xcassets; sourceTree = "<group>"; };
		6077CFC428630EE100082228 /* Base */ = {isa = PBXFileReference; lastKnownFileType = file.storyboard; name = Base; path = Base.lproj/LaunchScreen.storyboard; sourceTree = "<group>"; };
		6077CFC628630EE100082228 /* Info.plist */ = {isa = PBXFileReference; lastKnownFileType = text.plist.xml; path = Info.plist; sourceTree = "<group>"; };
		6077CFCF2863129600082228 /* MainModel.swift */ = {isa = PBXFileReference; lastKnownFileType = sourcecode.swift; path = MainModel.swift; sourceTree = "<group>"; };
		6077CFD1286312A000082228 /* MainViewModel.swift */ = {isa = PBXFileReference; lastKnownFileType = sourcecode.swift; path = MainViewModel.swift; sourceTree = "<group>"; };
		60EF88C028631C66007EFCDA /* NetworkManager.swift */ = {isa = PBXFileReference; lastKnownFileType = sourcecode.swift; path = NetworkManager.swift; sourceTree = "<group>"; };
		60EF88C328631D68007EFCDA /* MainData.swift */ = {isa = PBXFileReference; lastKnownFileType = sourcecode.swift; path = MainData.swift; sourceTree = "<group>"; };
		60EF88C528631D95007EFCDA /* MainProtocols.swift */ = {isa = PBXFileReference; lastKnownFileType = sourcecode.swift; path = MainProtocols.swift; sourceTree = "<group>"; };
		60EF88C728631FDA007EFCDA /* MainAssembly.swift */ = {isa = PBXFileReference; lastKnownFileType = sourcecode.swift; path = MainAssembly.swift; sourceTree = "<group>"; };
		60EF88C9286329C2007EFCDA /* UIView+layout.swift */ = {isa = PBXFileReference; lastKnownFileType = sourcecode.swift; path = "UIView+layout.swift"; sourceTree = "<group>"; };
		60EF88CB28633671007EFCDA /* MainModelToView.swift */ = {isa = PBXFileReference; lastKnownFileType = sourcecode.swift; path = MainModelToView.swift; sourceTree = "<group>"; };
		60EF88CD28633BCC007EFCDA /* ReuseIdentifier.swift */ = {isa = PBXFileReference; lastKnownFileType = sourcecode.swift; path = ReuseIdentifier.swift; sourceTree = "<group>"; };
		60EF88CF28633C93007EFCDA /* TestCell.swift */ = {isa = PBXFileReference; lastKnownFileType = sourcecode.swift; path = TestCell.swift; sourceTree = "<group>"; };
		60EF88D228634292007EFCDA /* ImageCell.swift */ = {isa = PBXFileReference; lastKnownFileType = sourcecode.swift; path = ImageCell.swift; sourceTree = "<group>"; };
		864991755EA2FCED002378AF /* Pods-PryanikyTest.release.xcconfig */ = {isa = PBXFileReference; includeInIndex = 1; lastKnownFileType = text.xcconfig; name = "Pods-PryanikyTest.release.xcconfig"; path = "Target Support Files/Pods-PryanikyTest/Pods-PryanikyTest.release.xcconfig"; sourceTree = "<group>"; };
		CF543701B150C4B0B665FDF0 /* Pods-PryanikyTest.debug.xcconfig */ = {isa = PBXFileReference; includeInIndex = 1; lastKnownFileType = text.xcconfig; name = "Pods-PryanikyTest.debug.xcconfig"; path = "Target Support Files/Pods-PryanikyTest/Pods-PryanikyTest.debug.xcconfig"; sourceTree = "<group>"; };
		E637BD847A4AABD698FCD346 /* Pods_PryanikyTest.framework */ = {isa = PBXFileReference; explicitFileType = wrapper.framework; includeInIndex = 0; path = Pods_PryanikyTest.framework; sourceTree = BUILT_PRODUCTS_DIR; };
/* End PBXFileReference section */

/* Begin PBXFrameworksBuildPhase section */
		6077CFB228630EDB00082228 /* Frameworks */ = {
			isa = PBXFrameworksBuildPhase;
			buildActionMask = 2147483647;
			files = (
				9DDB8D162049B64437D3EF17 /* Pods_PryanikyTest.framework in Frameworks */,
			);
			runOnlyForDeploymentPostprocessing = 0;
		};
/* End PBXFrameworksBuildPhase section */

/* Begin PBXGroup section */
		6077CFAC28630EDB00082228 = {
			isa = PBXGroup;
			children = (
				6077CFB728630EDB00082228 /* PryanikyTest */,
				6077CFB628630EDB00082228 /* Products */,
				DFAC039930438094B7C4E002 /* Pods */,
				B67BC6645A4995579C2BE91D /* Frameworks */,
			);
			sourceTree = "<group>";
		};
		6077CFB628630EDB00082228 /* Products */ = {
			isa = PBXGroup;
			children = (
				6077CFB528630EDB00082228 /* PryanikyTest.app */,
			);
			name = Products;
			sourceTree = "<group>";
		};
		6077CFB728630EDB00082228 /* PryanikyTest */ = {
			isa = PBXGroup;
			children = (
				60EF88D128633CA5007EFCDA /* Views */,
				60EF88C228631D58007EFCDA /* Entity */,
				6077CFCE2863126000082228 /* Main */,
				6077CFC628630EE100082228 /* Info.plist */,
				6077CFCC2863122500082228 /* Application */,
			);
			path = PryanikyTest;
			sourceTree = "<group>";
		};
		6077CFCC2863122500082228 /* Application */ = {
			isa = PBXGroup;
			children = (
				6077CFC128630EE100082228 /* Assets.xcassets */,
				6077CFCD2863124800082228 /* Storyboards */,
				6077CFB828630EDB00082228 /* AppDelegate.swift */,
				6077CFBA28630EDB00082228 /* SceneDelegate.swift */,
				60EF88C9286329C2007EFCDA /* UIView+layout.swift */,
				60EF88CD28633BCC007EFCDA /* ReuseIdentifier.swift */,
			);
			path = Application;
			sourceTree = "<group>";
		};
		6077CFCD2863124800082228 /* Storyboards */ = {
			isa = PBXGroup;
			children = (
				6077CFC328630EE100082228 /* LaunchScreen.storyboard */,
				6077CFBE28630EDB00082228 /* Main.storyboard */,
			);
			path = Storyboards;
			sourceTree = "<group>";
		};
		6077CFCE2863126000082228 /* Main */ = {
			isa = PBXGroup;
			children = (
				6077CFCF2863129600082228 /* MainModel.swift */,
				6077CFD1286312A000082228 /* MainViewModel.swift */,
				6077CFBC28630EDB00082228 /* MainViewController.swift */,
				60EF88C028631C66007EFCDA /* NetworkManager.swift */,
				60EF88C528631D95007EFCDA /* MainProtocols.swift */,
				60EF88C728631FDA007EFCDA /* MainAssembly.swift */,
				60EF88CB28633671007EFCDA /* MainModelToView.swift */,
			);
			path = Main;
			sourceTree = "<group>";
		};
		60EF88C228631D58007EFCDA /* Entity */ = {
			isa = PBXGroup;
			children = (
				60EF88C328631D68007EFCDA /* MainData.swift */,
			);
			path = Entity;
			sourceTree = "<group>";
		};
		60EF88D128633CA5007EFCDA /* Views */ = {
			isa = PBXGroup;
			children = (
				60EF88CF28633C93007EFCDA /* TestCell.swift */,
				60EF88D228634292007EFCDA /* ImageCell.swift */,
			);
			path = Views;
			sourceTree = "<group>";
		};
		B67BC6645A4995579C2BE91D /* Frameworks */ = {
			isa = PBXGroup;
			children = (
				E637BD847A4AABD698FCD346 /* Pods_PryanikyTest.framework */,
			);
			name = Frameworks;
			sourceTree = "<group>";
		};
		DFAC039930438094B7C4E002 /* Pods */ = {
			isa = PBXGroup;
			children = (
				CF543701B150C4B0B665FDF0 /* Pods-PryanikyTest.debug.xcconfig */,
				864991755EA2FCED002378AF /* Pods-PryanikyTest.release.xcconfig */,
			);
			path = Pods;
			sourceTree = "<group>";
		};
/* End PBXGroup section */

/* Begin PBXNativeTarget section */
		6077CFB428630EDB00082228 /* PryanikyTest */ = {
			isa = PBXNativeTarget;
			buildConfigurationList = 6077CFC928630EE100082228 /* Build configuration list for PBXNativeTarget "PryanikyTest" */;
			buildPhases = (
				F8AC8098D88F17026B1CC64F /* [CP] Check Pods Manifest.lock */,
				6077CFB128630EDB00082228 /* Sources */,
				6077CFB228630EDB00082228 /* Frameworks */,
				6077CFB328630EDB00082228 /* Resources */,
				868E8A160378A34EB3A5CE0B /* [CP] Embed Pods Frameworks */,
			);
			buildRules = (
			);
			dependencies = (
			);
			name = PryanikyTest;
			productName = PryanikyTest;
			productReference = 6077CFB528630EDB00082228 /* PryanikyTest.app */;
			productType = "com.apple.product-type.application";
		};
/* End PBXNativeTarget section */

/* Begin PBXProject section */
		6077CFAD28630EDB00082228 /* Project object */ = {
			isa = PBXProject;
			attributes = {
				BuildIndependentTargetsInParallel = 1;
				LastSwiftUpdateCheck = 1340;
				LastUpgradeCheck = 1340;
				TargetAttributes = {
					6077CFB428630EDB00082228 = {
						CreatedOnToolsVersion = 13.4.1;
					};
				};
			};
			buildConfigurationList = 6077CFB028630EDB00082228 /* Build configuration list for PBXProject "PryanikyTest" */;
			compatibilityVersion = "Xcode 13.0";
			developmentRegion = en;
			hasScannedForEncodings = 0;
			knownRegions = (
				en,
				Base,
			);
			mainGroup = 6077CFAC28630EDB00082228;
			productRefGroup = 6077CFB628630EDB00082228 /* Products */;
			projectDirPath = "";
			projectRoot = "";
			targets = (
				6077CFB428630EDB00082228 /* PryanikyTest */,
			);
		};
/* End PBXProject section */

/* Begin PBXResourcesBuildPhase section */
		6077CFB328630EDB00082228 /* Resources */ = {
			isa = PBXResourcesBuildPhase;
			buildActionMask = 2147483647;
			files = (
				6077CFC528630EE100082228 /* LaunchScreen.storyboard in Resources */,
				6077CFC228630EE100082228 /* Assets.xcassets in Resources */,
				6077CFC028630EDB00082228 /* Main.storyboard in Resources */,
			);
			runOnlyForDeploymentPostprocessing = 0;
		};
/* End PBXResourcesBuildPhase section */

/* Begin PBXShellScriptBuildPhase section */
		868E8A160378A34EB3A5CE0B /* [CP] Embed Pods Frameworks */ = {
			isa = PBXShellScriptBuildPhase;
			buildActionMask = 2147483647;
			files = (
			);
			inputFileListPaths = (
				"${PODS_ROOT}/Target Support Files/Pods-PryanikyTest/Pods-PryanikyTest-frameworks-${CONFIGURATION}-input-files.xcfilelist",
			);
			name = "[CP] Embed Pods Frameworks";
			outputFileListPaths = (
				"${PODS_ROOT}/Target Support Files/Pods-PryanikyTest/Pods-PryanikyTest-frameworks-${CONFIGURATION}-output-files.xcfilelist",
			);
			runOnlyForDeploymentPostprocessing = 0;
			shellPath = /bin/sh;
			shellScript = "\"${PODS_ROOT}/Target Support Files/Pods-PryanikyTest/Pods-PryanikyTest-frameworks.sh\"\n";
			showEnvVarsInLog = 0;
		};
		F8AC8098D88F17026B1CC64F /* [CP] Check Pods Manifest.lock */ = {
			isa = PBXShellScriptBuildPhase;
			buildActionMask = 2147483647;
			files = (
			);
			inputFileListPaths = (
			);
			inputPaths = (
				"${PODS_PODFILE_DIR_PATH}/Podfile.lock",
				"${PODS_ROOT}/Manifest.lock",
			);
			name = "[CP] Check Pods Manifest.lock";
			outputFileListPaths = (
			);
			outputPaths = (
				"$(DERIVED_FILE_DIR)/Pods-PryanikyTest-checkManifestLockResult.txt",
			);
			runOnlyForDeploymentPostprocessing = 0;
			shellPath = /bin/sh;
			shellScript = "diff \"${PODS_PODFILE_DIR_PATH}/Podfile.lock\" \"${PODS_ROOT}/Manifest.lock\" > /dev/null\nif [ $? != 0 ] ; then\n    # print error to STDERR\n    echo \"error: The sandbox is not in sync with the Podfile.lock. Run 'pod install' or update your CocoaPods installation.\" >&2\n    exit 1\nfi\n# This output is used by Xcode 'outputs' to avoid re-running this script phase.\necho \"SUCCESS\" > \"${SCRIPT_OUTPUT_FILE_0}\"\n";
			showEnvVarsInLog = 0;
		};
/* End PBXShellScriptBuildPhase section */

/* Begin PBXSourcesBuildPhase section */
		6077CFB128630EDB00082228 /* Sources */ = {
			isa = PBXSourcesBuildPhase;
			buildActionMask = 2147483647;
			files = (
				60EF88C628631D95007EFCDA /* MainProtocols.swift in Sources */,
				60EF88C828631FDA007EFCDA /* MainAssembly.swift in Sources */,
				60EF88D028633C93007EFCDA /* TestCell.swift in Sources */,
				60EF88D328634292007EFCDA /* ImageCell.swift in Sources */,
				60EF88C428631D68007EFCDA /* MainData.swift in Sources */,
				60EF88C128631C66007EFCDA /* NetworkManager.swift in Sources */,
				6077CFD2286312A000082228 /* MainViewModel.swift in Sources */,
				6077CFBD28630EDB00082228 /* MainViewController.swift in Sources */,
				60EF88CA286329C2007EFCDA /* UIView+layout.swift in Sources */,
				60EF88CE28633BCC007EFCDA /* ReuseIdentifier.swift in Sources */,
				6077CFB928630EDB00082228 /* AppDelegate.swift in Sources */,
				6077CFBB28630EDB00082228 /* SceneDelegate.swift in Sources */,
				6077CFD02863129600082228 /* MainModel.swift in Sources */,
				60EF88CC28633671007EFCDA /* MainModelToView.swift in Sources */,
			);
			runOnlyForDeploymentPostprocessing = 0;
		};
/* End PBXSourcesBuildPhase section */

/* Begin PBXVariantGroup section */
		6077CFBE28630EDB00082228 /* Main.storyboard */ = {
			isa = PBXVariantGroup;
			children = (
				6077CFBF28630EDB00082228 /* Base */,
			);
			name = Main.storyboard;
			sourceTree = "<group>";
		};
		6077CFC328630EE100082228 /* LaunchScreen.storyboard */ = {
			isa = PBXVariantGroup;
			children = (
				6077CFC428630EE100082228 /* Base */,
			);
			name = LaunchScreen.storyboard;
			sourceTree = "<group>";
		};
/* End PBXVariantGroup section */

/* Begin XCBuildConfiguration section */
		6077CFC728630EE100082228 /* Debug */ = {
			isa = XCBuildConfiguration;
			buildSettings = {
				ALWAYS_SEARCH_USER_PATHS = NO;
				CLANG_ANALYZER_NONNULL = YES;
				CLANG_ANALYZER_NUMBER_OBJECT_CONVERSION = YES_AGGRESSIVE;
				CLANG_CXX_LANGUAGE_STANDARD = "gnu++17";
				CLANG_ENABLE_MODULES = YES;
				CLANG_ENABLE_OBJC_ARC = YES;
				CLANG_ENABLE_OBJC_WEAK = YES;
				CLANG_WARN_BLOCK_CAPTURE_AUTORELEASING = YES;
				CLANG_WARN_BOOL_CONVERSION = YES;
				CLANG_WARN_COMMA = YES;
				CLANG_WARN_CONSTANT_CONVERSION = YES;
				CLANG_WARN_DEPRECATED_OBJC_IMPLEMENTATIONS = YES;
				CLANG_WARN_DIRECT_OBJC_ISA_USAGE = YES_ERROR;
				CLANG_WARN_DOCUMENTATION_COMMENTS = YES;
				CLANG_WARN_EMPTY_BODY = YES;
				CLANG_WARN_ENUM_CONVERSION = YES;
				CLANG_WARN_INFINITE_RECURSION = YES;
				CLANG_WARN_INT_CONVERSION = YES;
				CLANG_WARN_NON_LITERAL_NULL_CONVERSION = YES;
				CLANG_WARN_OBJC_IMPLICIT_RETAIN_SELF = YES;
				CLANG_WARN_OBJC_LITERAL_CONVERSION = YES;
				CLANG_WARN_OBJC_ROOT_CLASS = YES_ERROR;
				CLANG_WARN_QUOTED_INCLUDE_IN_FRAMEWORK_HEADER = YES;
				CLANG_WARN_RANGE_LOOP_ANALYSIS = YES;
				CLANG_WARN_STRICT_PROTOTYPES = YES;
				CLANG_WARN_SUSPICIOUS_MOVE = YES;
				CLANG_WARN_UNGUARDED_AVAILABILITY = YES_AGGRESSIVE;
				CLANG_WARN_UNREACHABLE_CODE = YES;
				CLANG_WARN__DUPLICATE_METHOD_MATCH = YES;
				COPY_PHASE_STRIP = NO;
				DEBUG_INFORMATION_FORMAT = dwarf;
				ENABLE_STRICT_OBJC_MSGSEND = YES;
				ENABLE_TESTABILITY = YES;
				GCC_C_LANGUAGE_STANDARD = gnu11;
				GCC_DYNAMIC_NO_PIC = NO;
				GCC_NO_COMMON_BLOCKS = YES;
				GCC_OPTIMIZATION_LEVEL = 0;
				GCC_PREPROCESSOR_DEFINITIONS = (
					"DEBUG=1",
					"$(inherited)",
				);
				GCC_WARN_64_TO_32_BIT_CONVERSION = YES;
				GCC_WARN_ABOUT_RETURN_TYPE = YES_ERROR;
				GCC_WARN_UNDECLARED_SELECTOR = YES;
				GCC_WARN_UNINITIALIZED_AUTOS = YES_AGGRESSIVE;
				GCC_WARN_UNUSED_FUNCTION = YES;
				GCC_WARN_UNUSED_VARIABLE = YES;
				IPHONEOS_DEPLOYMENT_TARGET = 15.5;
				MTL_ENABLE_DEBUG_INFO = INCLUDE_SOURCE;
				MTL_FAST_MATH = YES;
				ONLY_ACTIVE_ARCH = YES;
				SDKROOT = iphoneos;
				SWIFT_ACTIVE_COMPILATION_CONDITIONS = DEBUG;
				SWIFT_OPTIMIZATION_LEVEL = "-Onone";
			};
			name = Debug;
		};
		6077CFC828630EE100082228 /* Release */ = {
			isa = XCBuildConfiguration;
			buildSettings = {
				ALWAYS_SEARCH_USER_PATHS = NO;
				CLANG_ANALYZER_NONNULL = YES;
				CLANG_ANALYZER_NUMBER_OBJECT_CONVERSION = YES_AGGRESSIVE;
				CLANG_CXX_LANGUAGE_STANDARD = "gnu++17";
				CLANG_ENABLE_MODULES = YES;
				CLANG_ENABLE_OBJC_ARC = YES;
				CLANG_ENABLE_OBJC_WEAK = YES;
				CLANG_WARN_BLOCK_CAPTURE_AUTORELEASING = YES;
				CLANG_WARN_BOOL_CONVERSION = YES;
				CLANG_WARN_COMMA = YES;
				CLANG_WARN_CONSTANT_CONVERSION = YES;
				CLANG_WARN_DEPRECATED_OBJC_IMPLEMENTATIONS = YES;
				CLANG_WARN_DIRECT_OBJC_ISA_USAGE = YES_ERROR;
				CLANG_WARN_DOCUMENTATION_COMMENTS = YES;
				CLANG_WARN_EMPTY_BODY = YES;
				CLANG_WARN_ENUM_CONVERSION = YES;
				CLANG_WARN_INFINITE_RECURSION = YES;
				CLANG_WARN_INT_CONVERSION = YES;
				CLANG_WARN_NON_LITERAL_NULL_CONVERSION = YES;
				CLANG_WARN_OBJC_IMPLICIT_RETAIN_SELF = YES;
				CLANG_WARN_OBJC_LITERAL_CONVERSION = YES;
				CLANG_WARN_OBJC_ROOT_CLASS = YES_ERROR;
				CLANG_WARN_QUOTED_INCLUDE_IN_FRAMEWORK_HEADER = YES;
				CLANG_WARN_RANGE_LOOP_ANALYSIS = YES;
				CLANG_WARN_STRICT_PROTOTYPES = YES;
				CLANG_WARN_SUSPICIOUS_MOVE = YES;
				CLANG_WARN_UNGUARDED_AVAILABILITY = YES_AGGRESSIVE;
				CLANG_WARN_UNREACHABLE_CODE = YES;
				CLANG_WARN__DUPLICATE_METHOD_MATCH = YES;
				COPY_PHASE_STRIP = NO;
				DEBUG_INFORMATION_FORMAT = "dwarf-with-dsym";
				ENABLE_NS_ASSERTIONS = NO;
				ENABLE_STRICT_OBJC_MSGSEND = YES;
				GCC_C_LANGUAGE_STANDARD = gnu11;
				GCC_NO_COMMON_BLOCKS = YES;
				GCC_WARN_64_TO_32_BIT_CONVERSION = YES;
				GCC_WARN_ABOUT_RETURN_TYPE = YES_ERROR;
				GCC_WARN_UNDECLARED_SELECTOR = YES;
				GCC_WARN_UNINITIALIZED_AUTOS = YES_AGGRESSIVE;
				GCC_WARN_UNUSED_FUNCTION = YES;
				GCC_WARN_UNUSED_VARIABLE = YES;
				IPHONEOS_DEPLOYMENT_TARGET = 15.5;
				MTL_ENABLE_DEBUG_INFO = NO;
				MTL_FAST_MATH = YES;
				SDKROOT = iphoneos;
				SWIFT_COMPILATION_MODE = wholemodule;
				SWIFT_OPTIMIZATION_LEVEL = "-O";
				VALIDATE_PRODUCT = YES;
			};
			name = Release;
		};
		6077CFCA28630EE100082228 /* Debug */ = {
			isa = XCBuildConfiguration;
			baseConfigurationReference = CF543701B150C4B0B665FDF0 /* Pods-PryanikyTest.debug.xcconfig */;
			buildSettings = {
				ASSETCATALOG_COMPILER_APPICON_NAME = AppIcon;
				ASSETCATALOG_COMPILER_GLOBAL_ACCENT_COLOR_NAME = AccentColor;
				CODE_SIGN_STYLE = Automatic;
				CURRENT_PROJECT_VERSION = 1;
				DEVELOPMENT_TEAM = PLUM5QCSG5;
				GENERATE_INFOPLIST_FILE = YES;
				INFOPLIST_FILE = PryanikyTest/Info.plist;
				INFOPLIST_KEY_UIApplicationSupportsIndirectInputEvents = YES;
				INFOPLIST_KEY_UILaunchStoryboardName = LaunchScreen;
				INFOPLIST_KEY_UIMainStoryboardFile = Main;
				INFOPLIST_KEY_UISupportedInterfaceOrientations_iPad = "UIInterfaceOrientationPortrait UIInterfaceOrientationPortraitUpsideDown UIInterfaceOrientationLandscapeLeft UIInterfaceOrientationLandscapeRight";
				INFOPLIST_KEY_UISupportedInterfaceOrientations_iPhone = "UIInterfaceOrientationPortrait UIInterfaceOrientationLandscapeLeft UIInterfaceOrientationLandscapeRight";
				LD_RUNPATH_SEARCH_PATHS = (
					"$(inherited)",
					"@executable_path/Frameworks",
				);
				MARKETING_VERSION = 1.0;
				PRODUCT_BUNDLE_IDENTIFIER = Grandschtien.PryanikyTest;
				PRODUCT_NAME = "$(TARGET_NAME)";
				SWIFT_EMIT_LOC_STRINGS = YES;
				SWIFT_VERSION = 5.0;
				TARGETED_DEVICE_FAMILY = "1,2";
			};
			name = Debug;
		};
		6077CFCB28630EE100082228 /* Release */ = {
			isa = XCBuildConfiguration;
			baseConfigurationReference = 864991755EA2FCED002378AF /* Pods-PryanikyTest.release.xcconfig */;
			buildSettings = {
				ASSETCATALOG_COMPILER_APPICON_NAME = AppIcon;
				ASSETCATALOG_COMPILER_GLOBAL_ACCENT_COLOR_NAME = AccentColor;
				CODE_SIGN_STYLE = Automatic;
				CURRENT_PROJECT_VERSION = 1;
				DEVELOPMENT_TEAM = PLUM5QCSG5;
				GENERATE_INFOPLIST_FILE = YES;
				INFOPLIST_FILE = PryanikyTest/Info.plist;
				INFOPLIST_KEY_UIApplicationSupportsIndirectInputEvents = YES;
				INFOPLIST_KEY_UILaunchStoryboardName = LaunchScreen;
				INFOPLIST_KEY_UIMainStoryboardFile = Main;
				INFOPLIST_KEY_UISupportedInterfaceOrientations_iPad = "UIInterfaceOrientationPortrait UIInterfaceOrientationPortraitUpsideDown UIInterfaceOrientationLandscapeLeft UIInterfaceOrientationLandscapeRight";
				INFOPLIST_KEY_UISupportedInterfaceOrientations_iPhone = "UIInterfaceOrientationPortrait UIInterfaceOrientationLandscapeLeft UIInterfaceOrientationLandscapeRight";
				LD_RUNPATH_SEARCH_PATHS = (
					"$(inherited)",
					"@executable_path/Frameworks",
				);
				MARKETING_VERSION = 1.0;
				PRODUCT_BUNDLE_IDENTIFIER = Grandschtien.PryanikyTest;
				PRODUCT_NAME = "$(TARGET_NAME)";
				SWIFT_EMIT_LOC_STRINGS = YES;
				SWIFT_VERSION = 5.0;
				TARGETED_DEVICE_FAMILY = "1,2";
			};
			name = Release;
		};
/* End XCBuildConfiguration section */

/* Begin XCConfigurationList section */
		6077CFB028630EDB00082228 /* Build configuration list for PBXProject "PryanikyTest" */ = {
			isa = XCConfigurationList;
			buildConfigurations = (
				6077CFC728630EE100082228 /* Debug */,
				6077CFC828630EE100082228 /* Release */,
			);
			defaultConfigurationIsVisible = 0;
			defaultConfigurationName = Release;
		};
		6077CFC928630EE100082228 /* Build configuration list for PBXNativeTarget "PryanikyTest" */ = {
			isa = XCConfigurationList;
			buildConfigurations = (
				6077CFCA28630EE100082228 /* Debug */,
				6077CFCB28630EE100082228 /* Release */,
			);
			defaultConfigurationIsVisible = 0;
			defaultConfigurationName = Release;
		};
/* End XCConfigurationList section */
	};
	rootObject = 6077CFAD28630EDB00082228 /* Project object */;
}
